
Microsoft Visual Studio Solution File, Format Version 12.00
# Visual Studio Version 16
VisualStudioVersion = 16.0.30711.63
MinimumVisualStudioVersion = 10.0.40219.1
Project("{9A19103F-16F7-4668-BE54-9A1E7A4F7556}") = "Checkem.API", "Checkem.API\Checkem.API.csproj", "{7F5ED816-0AC6-41D1-A3F4-CEEBC2F52130}"
EndProject
Project("{9A19103F-16F7-4668-BE54-9A1E7A4F7556}") = "Checkem.Models", "..\Checkem.Models\Checkem.Models\Checkem.Models.csproj", "{7F2EC202-B7E8-4341-A3F6-0755788B1942}"
EndProject
Global
	GlobalSection(SolutionConfigurationPlatforms) = preSolution
		Debug|Any CPU = Debug|Any CPU
		Release|Any CPU = Release|Any CPU
	EndGlobalSection
	GlobalSection(ProjectConfigurationPlatforms) = postSolution
		{7F5ED816-0AC6-41D1-A3F4-CEEBC2F52130}.Debug|Any CPU.ActiveCfg = Debug|Any CPU
		{7F5ED816-0AC6-41D1-A3F4-CEEBC2F52130}.Debug|Any CPU.Build.0 = Debug|Any CPU
		{7F5ED816-0AC6-41D1-A3F4-CEEBC2F52130}.Release|Any CPU.ActiveCfg = Release|Any CPU
		{7F5ED816-0AC6-41D1-A3F4-CEEBC2F52130}.Release|Any CPU.Build.0 = Release|Any CPU
		{7F2EC202-B7E8-4341-A3F6-0755788B1942}.Debug|Any CPU.ActiveCfg = Debug|Any CPU
		{7F2EC202-B7E8-4341-A3F6-0755788B1942}.Debug|Any CPU.Build.0 = Debug|Any CPU
		{7F2EC202-B7E8-4341-A3F6-0755788B1942}.Release|Any CPU.ActiveCfg = Release|Any CPU
		{7F2EC202-B7E8-4341-A3F6-0755788B1942}.Release|Any CPU.Build.0 = Release|Any CPU
	EndGlobalSection
	GlobalSection(SolutionProperties) = preSolution
		HideSolutionNode = FALSE
	EndGlobalSection
	GlobalSection(ExtensibilityGlobals) = postSolution
		SolutionGuid = {332BA754-4FAE-4D9B-B1B2-06E9724FD1F7}
	EndGlobalSection
EndGlobal
